
Microsoft Visual Studio Solution File, Format Version 12.00
# Visual Studio 15
VisualStudioVersion = 15.0.28307.421
MinimumVisualStudioVersion = 10.0.40219.1
Project("{FAE04EC0-301F-11D3-BF4B-00C04F79EFBC}") = "Yahtzee_Sharon", "Yahtzee_Sharon\Yahtzee_Sharon.csproj", "{A9642E75-03DA-47F7-BF17-C85427A5CF20}"
EndProject
Global
	GlobalSection(SolutionConfigurationPlatforms) = preSolution
		Debug|Any CPU = Debug|Any CPU
		Release|Any CPU = Release|Any CPU
	EndGlobalSection
	GlobalSection(ProjectConfigurationPlatforms) = postSolution
		{A9642E75-03DA-47F7-BF17-C85427A5CF20}.Debug|Any CPU.ActiveCfg = Debug|Any CPU
		{A9642E75-03DA-47F7-BF17-C85427A5CF20}.Debug|Any CPU.Build.0 = Debug|Any CPU
		{A9642E75-03DA-47F7-BF17-C85427A5CF20}.Release|Any CPU.ActiveCfg = Release|Any CPU
		{A9642E75-03DA-47F7-BF17-C85427A5CF20}.Release|Any CPU.Build.0 = Release|Any CPU
	EndGlobalSection
	GlobalSection(SolutionProperties) = preSolution
		HideSolutionNode = FALSE
	EndGlobalSection
	GlobalSection(ExtensibilityGlobals) = postSolution
		SolutionGuid = {68531F7E-FB45-4BFB-9F6C-45FB0A1FDB52}
	EndGlobalSection
EndGlobal
